
Microsoft Visual Studio Solution File, Format Version 12.00
# Visual Studio Version 16
VisualStudioVersion = 16.0.28803.452
MinimumVisualStudioVersion = 10.0.40219.1
Project("{2150E333-8FDC-42A3-9474-1A3956D46DE8}") = ".Shared", ".Shared", "{61B0891A-1418-4727-8322-285357776AE9}"
	ProjectSection(SolutionItems) = preProject
		.shared\common-dep-ass.proj = .shared\common-dep-ass.proj
	EndProjectSection
EndProject
Project("{9A19103F-16F7-4668-BE54-9A1E7A4F7556}") = "SMEAppHouse.Core.AppMgt", "SMEAppHouse.Core.AppMgt\SMEAppHouse.Core.AppMgt.csproj", "{3B6D5A8B-6362-4D18-9A4D-5098CC372271}"
EndProject
Project("{9A19103F-16F7-4668-BE54-9A1E7A4F7556}") = "SMEAppHouse.Core.CodeKits", "SMEAppHouse.Core.CodeKits\SMEAppHouse.Core.CodeKits.csproj", "{B26333D6-CC63-4351-8E4E-63A11D2F9C84}"
EndProject
Project("{9A19103F-16F7-4668-BE54-9A1E7A4F7556}") = "SMEAppHouse.Core.GHClientLib", "SMEAppHouse.Core.GHClientLib\SMEAppHouse.Core.GHClientLib.csproj", "{5C1AFC58-52E4-4D60-BA10-61F5AA61832C}"
EndProject
Project("{9A19103F-16F7-4668-BE54-9A1E7A4F7556}") = "SMEAppHouse.Core.Patterns.EF", "SMEAppHouse.Core.Patterns.EF\SMEAppHouse.Core.Patterns.EF.csproj", "{BA8F652E-9FE1-4981-9D33-C9F835C0A454}"
EndProject
Project("{9A19103F-16F7-4668-BE54-9A1E7A4F7556}") = "SMEAppHouse.Core.Patterns.Repo", "SMEAppHouse.Core.Patterns.Repo\SMEAppHouse.Core.Patterns.Repo.csproj", "{A0D4F63A-16F5-4D57-BE3E-C5BD543A5783}"
EndProject
Project("{9A19103F-16F7-4668-BE54-9A1E7A4F7556}") = "SMEAppHouse.Core.Patterns.WebApi", "SMEAppHouse.Core.Patterns.WebApi\SMEAppHouse.Core.Patterns.WebApi.csproj", "{3F370064-6609-414B-B1A5-5AF48D690EFD}"
EndProject
Project("{9A19103F-16F7-4668-BE54-9A1E7A4F7556}") = "SMEAppHouse.Core.QuartzExt", "SMEAppHouse.Core.QuartzExt\SMEAppHouse.Core.QuartzExt.csproj", "{6F241344-A5ED-4E79-B590-3E0212E77E31}"
EndProject
Project("{9A19103F-16F7-4668-BE54-9A1E7A4F7556}") = "SMEAppHouse.Core.RestSharpClientLib", "SMEAppHouse.Core.RestSharpClientLib\SMEAppHouse.Core.RestSharpClientLib.csproj", "{075879E7-1A5B-4F9A-8FF1-85E4C9247948}"
EndProject
Project("{9A19103F-16F7-4668-BE54-9A1E7A4F7556}") = "SMEAppHouse.Core.TopshelfAdapter.Common", "SMEAppHouse.Core.TopshelfAdapter.Common\SMEAppHouse.Core.TopshelfAdapter.Common.csproj", "{EA367FCC-C576-4811-A075-D375AEB5DED2}"
EndProject
Project("{9A19103F-16F7-4668-BE54-9A1E7A4F7556}") = "SMEAppHouse.Core.TopshelfAdapter.Aggregation", "SMEAppHouse.Core.TopshelfAdapter.Aggregation\SMEAppHouse.Core.TopshelfAdapter.Aggregation.csproj", "{B297E679-2CB3-4ABE-BCFE-0E523D0DF9D6}"
EndProject
Project("{9A19103F-16F7-4668-BE54-9A1E7A4F7556}") = "SMEAppHouse.Core.TopshelfAdapter", "SMEAppHouse.Core.TopshelfAdapter\SMEAppHouse.Core.TopshelfAdapter.csproj", "{5ED857ED-FB66-4B5B-AB5B-339F034FE57C}"
EndProject
Project("{9A19103F-16F7-4668-BE54-9A1E7A4F7556}") = "SMEAppHouse.Core.Scheduler", "SMEAppHouse.Core.Scheduler\SMEAppHouse.Core.Scheduler.csproj", "{32C400F7-DA17-4264-A3A7-E00FDEC2D71F}"
EndProject
Project("{9A19103F-16F7-4668-BE54-9A1E7A4F7556}") = "SMEAppHouse.Core.ProcessService", "SMEAppHouse.Core.ProcessService\SMEAppHouse.Core.ProcessService.csproj", "{3EE6AB6A-9A05-4690-AE7B-82BD1603C86F}"
EndProject
Project("{9A19103F-16F7-4668-BE54-9A1E7A4F7556}") = "SMEAppHouse.Core.TopshelfAdapter.Scheduler", "SMEAppHouse.Core.TopshelfAdapter.Scheduler\SMEAppHouse.Core.TopshelfAdapter.Scheduler.csproj", "{C7A4DA09-3B86-440D-A5ED-04AFBC937492}"
EndProject
Project("{9A19103F-16F7-4668-BE54-9A1E7A4F7556}") = "SMEAppHouse.Core.SeleniumExt", "SMEAppHouse.Core.SeleniumExt\SMEAppHouse.Core.SeleniumExt.csproj", "{2795B204-BDD9-445F-BDE1-271D0F60E333}"
EndProject
Project("{9A19103F-16F7-4668-BE54-9A1E7A4F7556}") = "SMEAppHouse.Core.CustomAuth", "SMEAppHouse.Core.CustomAuth\SMEAppHouse.Core.CustomAuth.csproj", "{2399F7E6-192E-4839-A5E4-82FAC893AEBA}"
EndProject
Project("{9A19103F-16F7-4668-BE54-9A1E7A4F7556}") = "SMEAppHouse.Core.Reflections", "SMEAppHouse.Core.Reflections\SMEAppHouse.Core.Reflections.csproj", "{539A34F5-02E7-4A1B-B771-A22326F8D4F2}"
EndProject
Project("{9A19103F-16F7-4668-BE54-9A1E7A4F7556}") = "SMEAppHouse.Core.ScraperBox", "SMEAppHouse.Core.ScraperBox\SMEAppHouse.Core.ScraperBox.csproj", "{E4263402-D0C1-4BC5-AAD4-36AEA0506807}"
EndProject
Project("{9A19103F-16F7-4668-BE54-9A1E7A4F7556}") = "SMEAppHouse.Core.ScraperBox.Selenium", "SMEAppHouse.Core.ScraperBox.Selenium\SMEAppHouse.Core.ScraperBox.Selenium.csproj", "{1A810639-68B1-419A-946F-1537C11D4A57}"
EndProject
Project("{9A19103F-16F7-4668-BE54-9A1E7A4F7556}") = "SMEAppHouse.Core.PuppeteerAdapter", "SMEAppHouse.Core.PuppeteerAdapter\SMEAppHouse.Core.PuppeteerAdapter.csproj", "{1B2BBE5A-79B4-4CE0-9AD9-883073A86A8E}"
EndProject
Project("{9A19103F-16F7-4668-BE54-9A1E7A4F7556}") = "SMEAppHouse.Core.Patterns.Repo.V2", "SMEAppHouse.Core.Patterns.Repo.V2\SMEAppHouse.Core.Patterns.Repo.V2.csproj", "{732D0D91-0066-4D73-ACB6-2F56523B6B5A}"
EndProject
Project("{9A19103F-16F7-4668-BE54-9A1E7A4F7556}") = "SMEAppHouse.Core.Patterns.Repo.Generic", "SMEAppHouse.Core.Patterns.Repo.Generic\SMEAppHouse.Core.Patterns.Repo.Generic.csproj", "{04E3B2BB-8629-4B24-A57A-65A237B7D929}"
EndProject
Project("{9A19103F-16F7-4668-BE54-9A1E7A4F7556}") = "SMEAppHouse.Core.FreeIPProxy", "SMEAppHouse.Core.FreeProxyProvider\SMEAppHouse.Core.FreeIPProxy.csproj", "{33E707B5-B080-40A6-A673-41D910B1FCAB}"
EndProject
Project("{2150E333-8FDC-42A3-9474-1A3956D46DE8}") = "problematics", "problematics", "{32FDF7EA-FF0A-4C46-AC95-15D3129B08DE}"
EndProject
Project("{2150E333-8FDC-42A3-9474-1A3956D46DE8}") = "good", "good", "{1676F2F4-157E-4890-A4DF-6362BDBF678A}"
EndProject
Global
	GlobalSection(SolutionConfigurationPlatforms) = preSolution
		Debug|Any CPU = Debug|Any CPU
		Release|Any CPU = Release|Any CPU
	EndGlobalSection
	GlobalSection(ProjectConfigurationPlatforms) = postSolution
		{3B6D5A8B-6362-4D18-9A4D-5098CC372271}.Debug|Any CPU.ActiveCfg = Debug|Any CPU
		{3B6D5A8B-6362-4D18-9A4D-5098CC372271}.Debug|Any CPU.Build.0 = Debug|Any CPU
		{3B6D5A8B-6362-4D18-9A4D-5098CC372271}.Release|Any CPU.ActiveCfg = Release|Any CPU
		{3B6D5A8B-6362-4D18-9A4D-5098CC372271}.Release|Any CPU.Build.0 = Release|Any CPU
		{B26333D6-CC63-4351-8E4E-63A11D2F9C84}.Debug|Any CPU.ActiveCfg = Debug|Any CPU
		{B26333D6-CC63-4351-8E4E-63A11D2F9C84}.Debug|Any CPU.Build.0 = Debug|Any CPU
		{B26333D6-CC63-4351-8E4E-63A11D2F9C84}.Release|Any CPU.ActiveCfg = Release|Any CPU
		{B26333D6-CC63-4351-8E4E-63A11D2F9C84}.Release|Any CPU.Build.0 = Release|Any CPU
		{5C1AFC58-52E4-4D60-BA10-61F5AA61832C}.Debug|Any CPU.ActiveCfg = Debug|Any CPU
		{5C1AFC58-52E4-4D60-BA10-61F5AA61832C}.Debug|Any CPU.Build.0 = Debug|Any CPU
		{5C1AFC58-52E4-4D60-BA10-61F5AA61832C}.Release|Any CPU.ActiveCfg = Release|Any CPU
		{5C1AFC58-52E4-4D60-BA10-61F5AA61832C}.Release|Any CPU.Build.0 = Release|Any CPU
		{BA8F652E-9FE1-4981-9D33-C9F835C0A454}.Debug|Any CPU.ActiveCfg = Debug|Any CPU
		{BA8F652E-9FE1-4981-9D33-C9F835C0A454}.Debug|Any CPU.Build.0 = Debug|Any CPU
		{BA8F652E-9FE1-4981-9D33-C9F835C0A454}.Release|Any CPU.ActiveCfg = Release|Any CPU
		{BA8F652E-9FE1-4981-9D33-C9F835C0A454}.Release|Any CPU.Build.0 = Release|Any CPU
		{A0D4F63A-16F5-4D57-BE3E-C5BD543A5783}.Debug|Any CPU.ActiveCfg = Debug|Any CPU
		{A0D4F63A-16F5-4D57-BE3E-C5BD543A5783}.Debug|Any CPU.Build.0 = Debug|Any CPU
		{A0D4F63A-16F5-4D57-BE3E-C5BD543A5783}.Release|Any CPU.ActiveCfg = Release|Any CPU
		{A0D4F63A-16F5-4D57-BE3E-C5BD543A5783}.Release|Any CPU.Build.0 = Release|Any CPU
		{3F370064-6609-414B-B1A5-5AF48D690EFD}.Debug|Any CPU.ActiveCfg = Debug|Any CPU
		{3F370064-6609-414B-B1A5-5AF48D690EFD}.Debug|Any CPU.Build.0 = Debug|Any CPU
		{3F370064-6609-414B-B1A5-5AF48D690EFD}.Release|Any CPU.ActiveCfg = Release|Any CPU
		{3F370064-6609-414B-B1A5-5AF48D690EFD}.Release|Any CPU.Build.0 = Release|Any CPU
		{6F241344-A5ED-4E79-B590-3E0212E77E31}.Debug|Any CPU.ActiveCfg = Debug|Any CPU
		{6F241344-A5ED-4E79-B590-3E0212E77E31}.Debug|Any CPU.Build.0 = Debug|Any CPU
		{6F241344-A5ED-4E79-B590-3E0212E77E31}.Release|Any CPU.ActiveCfg = Release|Any CPU
		{6F241344-A5ED-4E79-B590-3E0212E77E31}.Release|Any CPU.Build.0 = Release|Any CPU
		{075879E7-1A5B-4F9A-8FF1-85E4C9247948}.Debug|Any CPU.ActiveCfg = Debug|Any CPU
		{075879E7-1A5B-4F9A-8FF1-85E4C9247948}.Debug|Any CPU.Build.0 = Debug|Any CPU
		{075879E7-1A5B-4F9A-8FF1-85E4C9247948}.Release|Any CPU.ActiveCfg = Release|Any CPU
		{075879E7-1A5B-4F9A-8FF1-85E4C9247948}.Release|Any CPU.Build.0 = Release|Any CPU
		{EA367FCC-C576-4811-A075-D375AEB5DED2}.Debug|Any CPU.ActiveCfg = Debug|Any CPU
		{EA367FCC-C576-4811-A075-D375AEB5DED2}.Debug|Any CPU.Build.0 = Debug|Any CPU
		{EA367FCC-C576-4811-A075-D375AEB5DED2}.Release|Any CPU.ActiveCfg = Release|Any CPU
		{EA367FCC-C576-4811-A075-D375AEB5DED2}.Release|Any CPU.Build.0 = Release|Any CPU
		{B297E679-2CB3-4ABE-BCFE-0E523D0DF9D6}.Debug|Any CPU.ActiveCfg = Debug|Any CPU
		{B297E679-2CB3-4ABE-BCFE-0E523D0DF9D6}.Debug|Any CPU.Build.0 = Debug|Any CPU
		{B297E679-2CB3-4ABE-BCFE-0E523D0DF9D6}.Release|Any CPU.ActiveCfg = Release|Any CPU
		{B297E679-2CB3-4ABE-BCFE-0E523D0DF9D6}.Release|Any CPU.Build.0 = Release|Any CPU
		{5ED857ED-FB66-4B5B-AB5B-339F034FE57C}.Debug|Any CPU.ActiveCfg = Debug|Any CPU
		{5ED857ED-FB66-4B5B-AB5B-339F034FE57C}.Debug|Any CPU.Build.0 = Debug|Any CPU
		{5ED857ED-FB66-4B5B-AB5B-339F034FE57C}.Release|Any CPU.ActiveCfg = Release|Any CPU
		{5ED857ED-FB66-4B5B-AB5B-339F034FE57C}.Release|Any CPU.Build.0 = Release|Any CPU
		{32C400F7-DA17-4264-A3A7-E00FDEC2D71F}.Debug|Any CPU.ActiveCfg = Debug|Any CPU
		{32C400F7-DA17-4264-A3A7-E00FDEC2D71F}.Debug|Any CPU.Build.0 = Debug|Any CPU
		{32C400F7-DA17-4264-A3A7-E00FDEC2D71F}.Release|Any CPU.ActiveCfg = Release|Any CPU
		{32C400F7-DA17-4264-A3A7-E00FDEC2D71F}.Release|Any CPU.Build.0 = Release|Any CPU
		{3EE6AB6A-9A05-4690-AE7B-82BD1603C86F}.Debug|Any CPU.ActiveCfg = Debug|Any CPU
		{3EE6AB6A-9A05-4690-AE7B-82BD1603C86F}.Debug|Any CPU.Build.0 = Debug|Any CPU
		{3EE6AB6A-9A05-4690-AE7B-82BD1603C86F}.Release|Any CPU.ActiveCfg = Release|Any CPU
		{3EE6AB6A-9A05-4690-AE7B-82BD1603C86F}.Release|Any CPU.Build.0 = Release|Any CPU
		{C7A4DA09-3B86-440D-A5ED-04AFBC937492}.Debug|Any CPU.ActiveCfg = Debug|Any CPU
		{C7A4DA09-3B86-440D-A5ED-04AFBC937492}.Debug|Any CPU.Build.0 = Debug|Any CPU
		{C7A4DA09-3B86-440D-A5ED-04AFBC937492}.Release|Any CPU.ActiveCfg = Release|Any CPU
		{C7A4DA09-3B86-440D-A5ED-04AFBC937492}.Release|Any CPU.Build.0 = Release|Any CPU
		{2795B204-BDD9-445F-BDE1-271D0F60E333}.Debug|Any CPU.ActiveCfg = Debug|Any CPU
		{2795B204-BDD9-445F-BDE1-271D0F60E333}.Debug|Any CPU.Build.0 = Debug|Any CPU
		{2795B204-BDD9-445F-BDE1-271D0F60E333}.Release|Any CPU.ActiveCfg = Release|Any CPU
		{2795B204-BDD9-445F-BDE1-271D0F60E333}.Release|Any CPU.Build.0 = Release|Any CPU
		{2399F7E6-192E-4839-A5E4-82FAC893AEBA}.Debug|Any CPU.ActiveCfg = Debug|Any CPU
		{2399F7E6-192E-4839-A5E4-82FAC893AEBA}.Debug|Any CPU.Build.0 = Debug|Any CPU
		{2399F7E6-192E-4839-A5E4-82FAC893AEBA}.Release|Any CPU.ActiveCfg = Release|Any CPU
		{2399F7E6-192E-4839-A5E4-82FAC893AEBA}.Release|Any CPU.Build.0 = Release|Any CPU
		{539A34F5-02E7-4A1B-B771-A22326F8D4F2}.Debug|Any CPU.ActiveCfg = Debug|Any CPU
		{539A34F5-02E7-4A1B-B771-A22326F8D4F2}.Debug|Any CPU.Build.0 = Debug|Any CPU
		{539A34F5-02E7-4A1B-B771-A22326F8D4F2}.Release|Any CPU.ActiveCfg = Release|Any CPU
		{539A34F5-02E7-4A1B-B771-A22326F8D4F2}.Release|Any CPU.Build.0 = Release|Any CPU
		{E4263402-D0C1-4BC5-AAD4-36AEA0506807}.Debug|Any CPU.ActiveCfg = Debug|Any CPU
		{E4263402-D0C1-4BC5-AAD4-36AEA0506807}.Debug|Any CPU.Build.0 = Debug|Any CPU
		{E4263402-D0C1-4BC5-AAD4-36AEA0506807}.Release|Any CPU.ActiveCfg = Release|Any CPU
		{E4263402-D0C1-4BC5-AAD4-36AEA0506807}.Release|Any CPU.Build.0 = Release|Any CPU
		{1A810639-68B1-419A-946F-1537C11D4A57}.Debug|Any CPU.ActiveCfg = Debug|Any CPU
		{1A810639-68B1-419A-946F-1537C11D4A57}.Debug|Any CPU.Build.0 = Debug|Any CPU
		{1A810639-68B1-419A-946F-1537C11D4A57}.Release|Any CPU.ActiveCfg = Release|Any CPU
		{1A810639-68B1-419A-946F-1537C11D4A57}.Release|Any CPU.Build.0 = Release|Any CPU
		{1B2BBE5A-79B4-4CE0-9AD9-883073A86A8E}.Debug|Any CPU.ActiveCfg = Debug|Any CPU
		{1B2BBE5A-79B4-4CE0-9AD9-883073A86A8E}.Debug|Any CPU.Build.0 = Debug|Any CPU
		{1B2BBE5A-79B4-4CE0-9AD9-883073A86A8E}.Release|Any CPU.ActiveCfg = Release|Any CPU
		{1B2BBE5A-79B4-4CE0-9AD9-883073A86A8E}.Release|Any CPU.Build.0 = Release|Any CPU
		{732D0D91-0066-4D73-ACB6-2F56523B6B5A}.Debug|Any CPU.ActiveCfg = Debug|Any CPU
		{732D0D91-0066-4D73-ACB6-2F56523B6B5A}.Debug|Any CPU.Build.0 = Debug|Any CPU
		{732D0D91-0066-4D73-ACB6-2F56523B6B5A}.Release|Any CPU.ActiveCfg = Release|Any CPU
		{732D0D91-0066-4D73-ACB6-2F56523B6B5A}.Release|Any CPU.Build.0 = Release|Any CPU
		{04E3B2BB-8629-4B24-A57A-65A237B7D929}.Debug|Any CPU.ActiveCfg = Debug|Any CPU
		{04E3B2BB-8629-4B24-A57A-65A237B7D929}.Debug|Any CPU.Build.0 = Debug|Any CPU
		{04E3B2BB-8629-4B24-A57A-65A237B7D929}.Release|Any CPU.ActiveCfg = Release|Any CPU
		{04E3B2BB-8629-4B24-A57A-65A237B7D929}.Release|Any CPU.Build.0 = Release|Any CPU
		{33E707B5-B080-40A6-A673-41D910B1FCAB}.Debug|Any CPU.ActiveCfg = Debug|Any CPU
		{33E707B5-B080-40A6-A673-41D910B1FCAB}.Debug|Any CPU.Build.0 = Debug|Any CPU
		{33E707B5-B080-40A6-A673-41D910B1FCAB}.Release|Any CPU.ActiveCfg = Release|Any CPU
		{33E707B5-B080-40A6-A673-41D910B1FCAB}.Release|Any CPU.Build.0 = Release|Any CPU
	EndGlobalSection
	GlobalSection(SolutionProperties) = preSolution
		HideSolutionNode = FALSE
	EndGlobalSection
	GlobalSection(NestedProjects) = preSolution
		{3B6D5A8B-6362-4D18-9A4D-5098CC372271} = {32FDF7EA-FF0A-4C46-AC95-15D3129B08DE}
		{B26333D6-CC63-4351-8E4E-63A11D2F9C84} = {1676F2F4-157E-4890-A4DF-6362BDBF678A}
		{5C1AFC58-52E4-4D60-BA10-61F5AA61832C} = {32FDF7EA-FF0A-4C46-AC95-15D3129B08DE}
		{BA8F652E-9FE1-4981-9D33-C9F835C0A454} = {1676F2F4-157E-4890-A4DF-6362BDBF678A}
		{A0D4F63A-16F5-4D57-BE3E-C5BD543A5783} = {1676F2F4-157E-4890-A4DF-6362BDBF678A}
		{3F370064-6609-414B-B1A5-5AF48D690EFD} = {32FDF7EA-FF0A-4C46-AC95-15D3129B08DE}
		{6F241344-A5ED-4E79-B590-3E0212E77E31} = {1676F2F4-157E-4890-A4DF-6362BDBF678A}
		{075879E7-1A5B-4F9A-8FF1-85E4C9247948} = {1676F2F4-157E-4890-A4DF-6362BDBF678A}
		{EA367FCC-C576-4811-A075-D375AEB5DED2} = {1676F2F4-157E-4890-A4DF-6362BDBF678A}
		{B297E679-2CB3-4ABE-BCFE-0E523D0DF9D6} = {1676F2F4-157E-4890-A4DF-6362BDBF678A}
		{5ED857ED-FB66-4B5B-AB5B-339F034FE57C} = {1676F2F4-157E-4890-A4DF-6362BDBF678A}
		{32C400F7-DA17-4264-A3A7-E00FDEC2D71F} = {1676F2F4-157E-4890-A4DF-6362BDBF678A}
		{3EE6AB6A-9A05-4690-AE7B-82BD1603C86F} = {1676F2F4-157E-4890-A4DF-6362BDBF678A}
		{C7A4DA09-3B86-440D-A5ED-04AFBC937492} = {1676F2F4-157E-4890-A4DF-6362BDBF678A}
		{2795B204-BDD9-445F-BDE1-271D0F60E333} = {1676F2F4-157E-4890-A4DF-6362BDBF678A}
		{2399F7E6-192E-4839-A5E4-82FAC893AEBA} = {1676F2F4-157E-4890-A4DF-6362BDBF678A}
		{539A34F5-02E7-4A1B-B771-A22326F8D4F2} = {1676F2F4-157E-4890-A4DF-6362BDBF678A}
		{E4263402-D0C1-4BC5-AAD4-36AEA0506807} = {1676F2F4-157E-4890-A4DF-6362BDBF678A}
		{1A810639-68B1-419A-946F-1537C11D4A57} = {32FDF7EA-FF0A-4C46-AC95-15D3129B08DE}
		{1B2BBE5A-79B4-4CE0-9AD9-883073A86A8E} = {1676F2F4-157E-4890-A4DF-6362BDBF678A}
		{732D0D91-0066-4D73-ACB6-2F56523B6B5A} = {32FDF7EA-FF0A-4C46-AC95-15D3129B08DE}
		{04E3B2BB-8629-4B24-A57A-65A237B7D929} = {1676F2F4-157E-4890-A4DF-6362BDBF678A}
		{33E707B5-B080-40A6-A673-41D910B1FCAB} = {32FDF7EA-FF0A-4C46-AC95-15D3129B08DE}
	EndGlobalSection
	GlobalSection(ExtensibilityGlobals) = postSolution
		SolutionGuid = {0A4AD78F-AA97-428F-8525-E3B4EDC4CC1D}
	EndGlobalSection
EndGlobal
